
Microsoft Visual Studio Solution File, Format Version 12.00
# Visual Studio Version 17
VisualStudioVersion = 17.3.32825.248
MinimumVisualStudioVersion = 10.0.40219.1
Project("{FAE04EC0-301F-11D3-BF4B-00C04F79EFBC}") = "Chat_client", "Chat_client\Chat_client.csproj", "{0DC1919F-3437-4B39-9F57-D8C8CEB375BC}"
EndProject
Global
	GlobalSection(SolutionConfigurationPlatforms) = preSolution
		Debug|Any CPU = Debug|Any CPU
		Release|Any CPU = Release|Any CPU
	EndGlobalSection
	GlobalSection(ProjectConfigurationPlatforms) = postSolution
		{0DC1919F-3437-4B39-9F57-D8C8CEB375BC}.Debug|Any CPU.ActiveCfg = Debug|Any CPU
		{0DC1919F-3437-4B39-9F57-D8C8CEB375BC}.Debug|Any CPU.Build.0 = Debug|Any CPU
		{0DC1919F-3437-4B39-9F57-D8C8CEB375BC}.Release|Any CPU.ActiveCfg = Release|Any CPU
		{0DC1919F-3437-4B39-9F57-D8C8CEB375BC}.Release|Any CPU.Build.0 = Release|Any CPU
	EndGlobalSection
	GlobalSection(SolutionProperties) = preSolution
		HideSolutionNode = FALSE
	EndGlobalSection
	GlobalSection(ExtensibilityGlobals) = postSolution
		SolutionGuid = {35E63BBF-4425-4415-B67B-0F8D64487537}
	EndGlobalSection
EndGlobal
